
Microsoft Visual Studio Solution File, Format Version 12.00
# Visual Studio Version 16
VisualStudioVersion = 16.0.30320.27
MinimumVisualStudioVersion = 10.0.40219.1
Project("{2150E333-8FDC-42A3-9474-1A3956D46DE8}") = "Microservices", "Microservices", "{26EC9962-A118-4360-B001-8C2D9308F23D}"
EndProject
Project("{2150E333-8FDC-42A3-9474-1A3956D46DE8}") = "Domain", "Domain", "{A32581AC-4EB8-4B43-BADB-0FC2D753A5BA}"
EndProject
Project("{2150E333-8FDC-42A3-9474-1A3956D46DE8}") = "Infra.Bus", "Infra.Bus", "{964F9965-C6DA-4D3F-9B9E-166A1E365FA0}"
EndProject
Project("{2150E333-8FDC-42A3-9474-1A3956D46DE8}") = "Infra.IoC", "Infra.IoC", "{EBA140CF-8C91-4E0A-A798-D93574F4B954}"
EndProject
Project("{2150E333-8FDC-42A3-9474-1A3956D46DE8}") = "Presentation", "Presentation", "{04E2DE3A-45B6-4FA3-B3C5-4E1F79DB9510}"
EndProject
Project("{9A19103F-16F7-4668-BE54-9A1E7A4F7556}") = "MicroRabbit.Domain.Core", "MicroRabbit.Domain.Core\MicroRabbit.Domain.Core.csproj", "{87E8CA3F-7EF1-498D-ABEF-2694569A9DFB}"
EndProject
Project("{9A19103F-16F7-4668-BE54-9A1E7A4F7556}") = "MicroRabbit.Infra.Bus", "MicroRabbit.Infra.Bus\MicroRabbit.Infra.Bus.csproj", "{806239E7-2CF7-4E92-A034-F63EEAE98A68}"
EndProject
Project("{9A19103F-16F7-4668-BE54-9A1E7A4F7556}") = "MicroRabbit.Infra.IoC", "MicroRabbit.Infra.IoC\MicroRabbit.Infra.IoC.csproj", "{95106A8D-6A56-40CF-A7AB-8689E40FD961}"
EndProject
Project("{9A19103F-16F7-4668-BE54-9A1E7A4F7556}") = "MicroRabbit.MVC", "MicroRabbit.MVC\MicroRabbit.MVC.csproj", "{ACCACCF7-7492-4719-A17B-394160DE3918}"
EndProject
Project("{2150E333-8FDC-42A3-9474-1A3956D46DE8}") = "Discovery", "Discovery", "{60A298C5-2E53-4F65-B184-A822EBF6332D}"
EndProject
Project("{9A19103F-16F7-4668-BE54-9A1E7A4F7556}") = "MicroRabbit.Discovery.Api", "MicroRabbit.Discovery.Api\MicroRabbit.Discovery.Api.csproj", "{70E11D6F-DD92-481A-9DB0-CDC2D1693517}"
EndProject
Project("{2150E333-8FDC-42A3-9474-1A3956D46DE8}") = "Api", "Api", "{6B602984-7049-4CBE-BF25-1ABD14E2B0C2}"
EndProject
Project("{2150E333-8FDC-42A3-9474-1A3956D46DE8}") = "Application", "Application", "{13F1530B-D197-42A7-96FB-86B79F54A044}"
EndProject
Project("{2150E333-8FDC-42A3-9474-1A3956D46DE8}") = "Data", "Data", "{25C39039-78F4-415E-8CF2-4185D48F6C65}"
EndProject
Project("{2150E333-8FDC-42A3-9474-1A3956D46DE8}") = "Domain", "Domain", "{42039587-60AC-4988-86C2-59EC3763E391}"
EndProject
Project("{9A19103F-16F7-4668-BE54-9A1E7A4F7556}") = "MicroRabbit.Discovery.Application", "MicroRabbit.Discovery.Application\MicroRabbit.Discovery.Application.csproj", "{42F90DA4-7693-4286-B5FD-0A41F37AE8FF}"
EndProject
Project("{9A19103F-16F7-4668-BE54-9A1E7A4F7556}") = "MicroRabbit.Discovery.Domain", "MicroRabbit.Discovery.Domain\MicroRabbit.Discovery.Domain.csproj", "{45BBE65C-A12D-4D84-97BA-C8FDB0BE451A}"
EndProject
Global
	GlobalSection(SolutionConfigurationPlatforms) = preSolution
		Debug|Any CPU = Debug|Any CPU
		Release|Any CPU = Release|Any CPU
	EndGlobalSection
	GlobalSection(ProjectConfigurationPlatforms) = postSolution
		{87E8CA3F-7EF1-498D-ABEF-2694569A9DFB}.Debug|Any CPU.ActiveCfg = Debug|Any CPU
		{87E8CA3F-7EF1-498D-ABEF-2694569A9DFB}.Debug|Any CPU.Build.0 = Debug|Any CPU
		{87E8CA3F-7EF1-498D-ABEF-2694569A9DFB}.Release|Any CPU.ActiveCfg = Release|Any CPU
		{87E8CA3F-7EF1-498D-ABEF-2694569A9DFB}.Release|Any CPU.Build.0 = Release|Any CPU
		{806239E7-2CF7-4E92-A034-F63EEAE98A68}.Debug|Any CPU.ActiveCfg = Debug|Any CPU
		{806239E7-2CF7-4E92-A034-F63EEAE98A68}.Debug|Any CPU.Build.0 = Debug|Any CPU
		{806239E7-2CF7-4E92-A034-F63EEAE98A68}.Release|Any CPU.ActiveCfg = Release|Any CPU
		{806239E7-2CF7-4E92-A034-F63EEAE98A68}.Release|Any CPU.Build.0 = Release|Any CPU
		{95106A8D-6A56-40CF-A7AB-8689E40FD961}.Debug|Any CPU.ActiveCfg = Debug|Any CPU
		{95106A8D-6A56-40CF-A7AB-8689E40FD961}.Debug|Any CPU.Build.0 = Debug|Any CPU
		{95106A8D-6A56-40CF-A7AB-8689E40FD961}.Release|Any CPU.ActiveCfg = Release|Any CPU
		{95106A8D-6A56-40CF-A7AB-8689E40FD961}.Release|Any CPU.Build.0 = Release|Any CPU
		{ACCACCF7-7492-4719-A17B-394160DE3918}.Debug|Any CPU.ActiveCfg = Debug|Any CPU
		{ACCACCF7-7492-4719-A17B-394160DE3918}.Debug|Any CPU.Build.0 = Debug|Any CPU
		{ACCACCF7-7492-4719-A17B-394160DE3918}.Release|Any CPU.ActiveCfg = Release|Any CPU
		{ACCACCF7-7492-4719-A17B-394160DE3918}.Release|Any CPU.Build.0 = Release|Any CPU
		{70E11D6F-DD92-481A-9DB0-CDC2D1693517}.Debug|Any CPU.ActiveCfg = Debug|Any CPU
		{70E11D6F-DD92-481A-9DB0-CDC2D1693517}.Debug|Any CPU.Build.0 = Debug|Any CPU
		{70E11D6F-DD92-481A-9DB0-CDC2D1693517}.Release|Any CPU.ActiveCfg = Release|Any CPU
		{70E11D6F-DD92-481A-9DB0-CDC2D1693517}.Release|Any CPU.Build.0 = Release|Any CPU
		{42F90DA4-7693-4286-B5FD-0A41F37AE8FF}.Debug|Any CPU.ActiveCfg = Debug|Any CPU
		{42F90DA4-7693-4286-B5FD-0A41F37AE8FF}.Debug|Any CPU.Build.0 = Debug|Any CPU
		{42F90DA4-7693-4286-B5FD-0A41F37AE8FF}.Release|Any CPU.ActiveCfg = Release|Any CPU
		{42F90DA4-7693-4286-B5FD-0A41F37AE8FF}.Release|Any CPU.Build.0 = Release|Any CPU
		{45BBE65C-A12D-4D84-97BA-C8FDB0BE451A}.Debug|Any CPU.ActiveCfg = Debug|Any CPU
		{45BBE65C-A12D-4D84-97BA-C8FDB0BE451A}.Debug|Any CPU.Build.0 = Debug|Any CPU
		{45BBE65C-A12D-4D84-97BA-C8FDB0BE451A}.Release|Any CPU.ActiveCfg = Release|Any CPU
		{45BBE65C-A12D-4D84-97BA-C8FDB0BE451A}.Release|Any CPU.Build.0 = Release|Any CPU
	EndGlobalSection
	GlobalSection(SolutionProperties) = preSolution
		HideSolutionNode = FALSE
	EndGlobalSection
	GlobalSection(NestedProjects) = preSolution
		{87E8CA3F-7EF1-498D-ABEF-2694569A9DFB} = {A32581AC-4EB8-4B43-BADB-0FC2D753A5BA}
		{806239E7-2CF7-4E92-A034-F63EEAE98A68} = {964F9965-C6DA-4D3F-9B9E-166A1E365FA0}
		{95106A8D-6A56-40CF-A7AB-8689E40FD961} = {EBA140CF-8C91-4E0A-A798-D93574F4B954}
		{ACCACCF7-7492-4719-A17B-394160DE3918} = {04E2DE3A-45B6-4FA3-B3C5-4E1F79DB9510}
		{60A298C5-2E53-4F65-B184-A822EBF6332D} = {26EC9962-A118-4360-B001-8C2D9308F23D}
		{70E11D6F-DD92-481A-9DB0-CDC2D1693517} = {6B602984-7049-4CBE-BF25-1ABD14E2B0C2}
		{6B602984-7049-4CBE-BF25-1ABD14E2B0C2} = {60A298C5-2E53-4F65-B184-A822EBF6332D}
		{13F1530B-D197-42A7-96FB-86B79F54A044} = {60A298C5-2E53-4F65-B184-A822EBF6332D}
		{25C39039-78F4-415E-8CF2-4185D48F6C65} = {60A298C5-2E53-4F65-B184-A822EBF6332D}
		{42039587-60AC-4988-86C2-59EC3763E391} = {60A298C5-2E53-4F65-B184-A822EBF6332D}
		{42F90DA4-7693-4286-B5FD-0A41F37AE8FF} = {13F1530B-D197-42A7-96FB-86B79F54A044}
		{45BBE65C-A12D-4D84-97BA-C8FDB0BE451A} = {42039587-60AC-4988-86C2-59EC3763E391}
	EndGlobalSection
	GlobalSection(ExtensibilityGlobals) = postSolution
		SolutionGuid = {B0C075DF-8E95-40C4-BC17-7D9D0B92166D}
	EndGlobalSection
EndGlobal
